
Microsoft Visual Studio Solution File, Format Version 12.00
# Visual Studio Version 17
VisualStudioVersion = 17.2.32630.192
MinimumVisualStudioVersion = 10.0.40219.1
Project("{9A19103F-16F7-4668-BE54-9A1E7A4F7556}") = "Entities", "Entities\Entities.csproj", "{7CA82284-3330-42C0-9096-8A48608BED45}"
EndProject
Project("{9A19103F-16F7-4668-BE54-9A1E7A4F7556}") = "DataAccess", "DataAccess\DataAccess.csproj", "{0963E3D8-C8C2-40B9-80F1-DF379FAF94EC}"
EndProject
Project("{9A19103F-16F7-4668-BE54-9A1E7A4F7556}") = "Business", "Business\Business.csproj", "{20439499-2622-4F9C-AA9F-D6E15A974BBC}"
EndProject
Project("{9A19103F-16F7-4668-BE54-9A1E7A4F7556}") = "ConsoleUI", "ConsoleUI\ConsoleUI.csproj", "{F406F012-9A67-4D7F-B1F5-6B64F49E9A72}"
EndProject
Project("{FAE04EC0-301F-11D3-BF4B-00C04F79EFBC}") = "Core", "Core\Core.csproj", "{DD0125AC-D18C-40DF-ACE1-77F1F231B166}"
EndProject
Global
	GlobalSection(SolutionConfigurationPlatforms) = preSolution
		Debug|Any CPU = Debug|Any CPU
		Release|Any CPU = Release|Any CPU
	EndGlobalSection
	GlobalSection(ProjectConfigurationPlatforms) = postSolution
		{7CA82284-3330-42C0-9096-8A48608BED45}.Debug|Any CPU.ActiveCfg = Debug|Any CPU
		{7CA82284-3330-42C0-9096-8A48608BED45}.Debug|Any CPU.Build.0 = Debug|Any CPU
		{7CA82284-3330-42C0-9096-8A48608BED45}.Release|Any CPU.ActiveCfg = Release|Any CPU
		{7CA82284-3330-42C0-9096-8A48608BED45}.Release|Any CPU.Build.0 = Release|Any CPU
		{0963E3D8-C8C2-40B9-80F1-DF379FAF94EC}.Debug|Any CPU.ActiveCfg = Debug|Any CPU
		{0963E3D8-C8C2-40B9-80F1-DF379FAF94EC}.Debug|Any CPU.Build.0 = Debug|Any CPU
		{0963E3D8-C8C2-40B9-80F1-DF379FAF94EC}.Release|Any CPU.ActiveCfg = Release|Any CPU
		{0963E3D8-C8C2-40B9-80F1-DF379FAF94EC}.Release|Any CPU.Build.0 = Release|Any CPU
		{20439499-2622-4F9C-AA9F-D6E15A974BBC}.Debug|Any CPU.ActiveCfg = Debug|Any CPU
		{20439499-2622-4F9C-AA9F-D6E15A974BBC}.Debug|Any CPU.Build.0 = Debug|Any CPU
		{20439499-2622-4F9C-AA9F-D6E15A974BBC}.Release|Any CPU.ActiveCfg = Release|Any CPU
		{20439499-2622-4F9C-AA9F-D6E15A974BBC}.Release|Any CPU.Build.0 = Release|Any CPU
		{F406F012-9A67-4D7F-B1F5-6B64F49E9A72}.Debug|Any CPU.ActiveCfg = Debug|Any CPU
		{F406F012-9A67-4D7F-B1F5-6B64F49E9A72}.Debug|Any CPU.Build.0 = Debug|Any CPU
		{F406F012-9A67-4D7F-B1F5-6B64F49E9A72}.Release|Any CPU.ActiveCfg = Release|Any CPU
		{F406F012-9A67-4D7F-B1F5-6B64F49E9A72}.Release|Any CPU.Build.0 = Release|Any CPU
		{DD0125AC-D18C-40DF-ACE1-77F1F231B166}.Debug|Any CPU.ActiveCfg = Debug|Any CPU
		{DD0125AC-D18C-40DF-ACE1-77F1F231B166}.Debug|Any CPU.Build.0 = Debug|Any CPU
		{DD0125AC-D18C-40DF-ACE1-77F1F231B166}.Release|Any CPU.ActiveCfg = Release|Any CPU
		{DD0125AC-D18C-40DF-ACE1-77F1F231B166}.Release|Any CPU.Build.0 = Release|Any CPU
	EndGlobalSection
	GlobalSection(SolutionProperties) = preSolution
		HideSolutionNode = FALSE
	EndGlobalSection
	GlobalSection(ExtensibilityGlobals) = postSolution
		SolutionGuid = {C7DCB0E6-BA7C-4077-9BED-879B74F5454A}
	EndGlobalSection
EndGlobal
